
Microsoft Visual Studio Solution File, Format Version 12.00
# Visual Studio 15
Project("{FAE04EC0-301F-11D3-BF4B-00C04F79EFBC}") = "2019SignalRandCoravel", "2019SignalRandCoravel\2019SignalRandCoravel.csproj", "{FF236E1B-7214-46B4-BEA0-F457332EA2C2}"
EndProject
Global
	GlobalSection(SolutionConfigurationPlatforms) = preSolution
		Debug|Any CPU = Debug|Any CPU
		Release|Any CPU = Release|Any CPU
	EndGlobalSection
	GlobalSection(ProjectConfigurationPlatforms) = postSolution
		{FF236E1B-7214-46B4-BEA0-F457332EA2C2}.Debug|Any CPU.ActiveCfg = Debug|Any CPU
		{FF236E1B-7214-46B4-BEA0-F457332EA2C2}.Debug|Any CPU.Build.0 = Debug|Any CPU
		{FF236E1B-7214-46B4-BEA0-F457332EA2C2}.Release|Any CPU.ActiveCfg = Release|Any CPU
		{FF236E1B-7214-46B4-BEA0-F457332EA2C2}.Release|Any CPU.Build.0 = Release|Any CPU
	EndGlobalSection
EndGlobal
